// !$*UTF8*$!
{
	archiveVersion = 1;
	classes = {
	};
	objectVersion = 77;
	objects = {

/* Begin PBXContainerItemProxy section */
		D650CEFC2D35D5FC00F54237 /* PBXContainerItemProxy */ = {
			isa = PBXContainerItemProxy;
			containerPortal = D650CEE32D35D5FA00F54237 /* Project object */;
			proxyType = 1;
			remoteGlobalIDString = D650CEEA2D35D5FA00F54237;
			remoteInfo = SynchronizationDemo;
		};
		D650CF062D35D5FC00F54237 /* PBXContainerItemProxy */ = {
			isa = PBXContainerItemProxy;
			containerPortal = D650CEE32D35D5FA00F54237 /* Project object */;
			proxyType = 1;
			remoteGlobalIDString = D650CEEA2D35D5FA00F54237;
			remoteInfo = SynchronizationDemo;
		};
/* End PBXContainerItemProxy section */

/* Begin PBXFileReference section */
		D650CEEB2D35D5FA00F54237 /* SynchronizationDemo.app */ = {isa = PBXFileReference; explicitFileType = wrapper.application; includeInIndex = 0; path = SynchronizationDemo.app; sourceTree = BUILT_PRODUCTS_DIR; };
		D650CEFB2D35D5FC00F54237 /* SynchronizationDemoTests.xctest */ = {isa = PBXFileReference; explicitFileType = wrapper.cfbundle; includeInIndex = 0; path = SynchronizationDemoTests.xctest; sourceTree = BUILT_PRODUCTS_DIR; };
		D650CF052D35D5FC00F54237 /* SynchronizationDemoUITests.xctest */ = {isa = PBXFileReference; explicitFileType = wrapper.cfbundle; includeInIndex = 0; path = SynchronizationDemoUITests.xctest; sourceTree = BUILT_PRODUCTS_DIR; };
/* End PBXFileReference section */

/* Begin PBXFileSystemSynchronizedRootGroup section */
		D650CEED2D35D5FA00F54237 /* SynchronizationDemo */ = {
			isa = PBXFileSystemSynchronizedRootGroup;
			path = SynchronizationDemo;
			sourceTree = "<group>";
		};
		D650CEFE2D35D5FC00F54237 /* SynchronizationDemoTests */ = {
			isa = PBXFileSystemSynchronizedRootGroup;
			path = SynchronizationDemoTests;
			sourceTree = "<group>";
		};
		D650CF082D35D5FC00F54237 /* SynchronizationDemoUITests */ = {
			isa = PBXFileSystemSynchronizedRootGroup;
			path = SynchronizationDemoUITests;
			sourceTree = "<group>";
		};
/* End PBXFileSystemSynchronizedRootGroup section */

/* Begin PBXFrameworksBuildPhase section */
		D650CEE82D35D5FA00F54237 /* Frameworks */ = {
			isa = PBXFrameworksBuildPhase;
			buildActionMask = 2147483647;
			files = (
			);
			runOnlyForDeploymentPostprocessing = 0;
		};
		D650CEF82D35D5FC00F54237 /* Frameworks */ = {
			isa = PBXFrameworksBuildPhase;
			buildActionMask = 2147483647;
			files = (
			);
			runOnlyForDeploymentPostprocessing = 0;
		};
		D650CF022D35D5FC00F54237 /* Frameworks */ = {
			isa = PBXFrameworksBuildPhase;
			buildActionMask = 2147483647;
			files = (
			);
			runOnlyForDeploymentPostprocessing = 0;
		};
/* End PBXFrameworksBuildPhase section */

/* Begin PBXGroup section */
		D650CEE22D35D5FA00F54237 = {
			isa = PBXGroup;
			children = (
				D650CEED2D35D5FA00F54237 /* SynchronizationDemo */,
				D650CEFE2D35D5FC00F54237 /* SynchronizationDemoTests */,
				D650CF082D35D5FC00F54237 /* SynchronizationDemoUITests */,
				D650CEEC2D35D5FA00F54237 /* Products */,
			);
			sourceTree = "<group>";
		};
		D650CEEC2D35D5FA00F54237 /* Products */ = {
			isa = PBXGroup;
			children = (
				D650CEEB2D35D5FA00F54237 /* SynchronizationDemo.app */,
				D650CEFB2D35D5FC00F54237 /* SynchronizationDemoTests.xctest */,
				D650CF052D35D5FC00F54237 /* SynchronizationDemoUITests.xctest */,
			);
			name = Products;
			sourceTree = "<group>";
		};
/* End PBXGroup section */

/* Begin PBXNativeTarget section */
		D650CEEA2D35D5FA00F54237 /* SynchronizationDemo */ = {
			isa = PBXNativeTarget;
			buildConfigurationList = D650CF0F2D35D5FC00F54237 /* Build configuration list for PBXNativeTarget "SynchronizationDemo" */;
			buildPhases = (
				D650CEE72D35D5FA00F54237 /* Sources */,
				D650CEE82D35D5FA00F54237 /* Frameworks */,
				D650CEE92D35D5FA00F54237 /* Resources */,
			);
			buildRules = (
			);
			dependencies = (
			);
			fileSystemSynchronizedGroups = (
				D650CEED2D35D5FA00F54237 /* SynchronizationDemo */,
			);
			name = SynchronizationDemo;
			packageProductDependencies = (
			);
			productName = SynchronizationDemo;
			productReference = D650CEEB2D35D5FA00F54237 /* SynchronizationDemo.app */;
			productType = "com.apple.product-type.application";
		};
		D650CEFA2D35D5FC00F54237 /* SynchronizationDemoTests */ = {
			isa = PBXNativeTarget;
			buildConfigurationList = D650CF122D35D5FC00F54237 /* Build configuration list for PBXNativeTarget "SynchronizationDemoTests" */;
			buildPhases = (
				D650CEF72D35D5FC00F54237 /* Sources */,
				D650CEF82D35D5FC00F54237 /* Frameworks */,
				D650CEF92D35D5FC00F54237 /* Resources */,
			);
			buildRules = (
			);
			dependencies = (
				D650CEFD2D35D5FC00F54237 /* PBXTargetDependency */,
			);
			fileSystemSynchronizedGroups = (
				D650CEFE2D35D5FC00F54237 /* SynchronizationDemoTests */,
			);
			name = SynchronizationDemoTests;
			packageProductDependencies = (
			);
			productName = SynchronizationDemoTests;
			productReference = D650CEFB2D35D5FC00F54237 /* SynchronizationDemoTests.xctest */;
			productType = "com.apple.product-type.bundle.unit-test";
		};
		D650CF042D35D5FC00F54237 /* SynchronizationDemoUITests */ = {
			isa = PBXNativeTarget;
			buildConfigurationList = D650CF152D35D5FC00F54237 /* Build configuration list for PBXNativeTarget "SynchronizationDemoUITests" */;
			buildPhases = (
				D650CF012D35D5FC00F54237 /* Sources */,
				D650CF022D35D5FC00F54237 /* Frameworks */,
				D650CF032D35D5FC00F54237 /* Resources */,
			);
			buildRules = (
			);
			dependencies = (
				D650CF072D35D5FC00F54237 /* PBXTargetDependency */,
			);
			fileSystemSynchronizedGroups = (
				D650CF082D35D5FC00F54237 /* SynchronizationDemoUITests */,
			);
			name = SynchronizationDemoUITests;
			packageProductDependencies = (
			);
			productName = SynchronizationDemoUITests;
			productReference = D650CF052D35D5FC00F54237 /* SynchronizationDemoUITests.xctest */;
			productType = "com.apple.product-type.bundle.ui-testing";
		};
/* End PBXNativeTarget section */

/* Begin PBXProject section */
		D650CEE32D35D5FA00F54237 /* Project object */ = {
			isa = PBXProject;
			attributes = {
				BuildIndependentTargetsInParallel = 1;
				LastSwiftUpdateCheck = 1620;
				LastUpgradeCheck = 1620;
				TargetAttributes = {
					D650CEEA2D35D5FA00F54237 = {
						CreatedOnToolsVersion = 16.2;
					};
					D650CEFA2D35D5FC00F54237 = {
						CreatedOnToolsVersion = 16.2;
						TestTargetID = D650CEEA2D35D5FA00F54237;
					};
					D650CF042D35D5FC00F54237 = {
						CreatedOnToolsVersion = 16.2;
						TestTargetID = D650CEEA2D35D5FA00F54237;
					};
				};
			};
			buildConfigurationList = D650CEE62D35D5FA00F54237 /* Build configuration list for PBXProject "SynchronizationDemo" */;
			developmentRegion = en;
			hasScannedForEncodings = 0;
			knownRegions = (
				en,
				Base,
			);
			mainGroup = D650CEE22D35D5FA00F54237;
			minimizedProjectReferenceProxies = 1;
			preferredProjectObjectVersion = 77;
			productRefGroup = D650CEEC2D35D5FA00F54237 /* Products */;
			projectDirPath = "";
			projectRoot = "";
			targets = (
				D650CEEA2D35D5FA00F54237 /* SynchronizationDemo */,
				D650CEFA2D35D5FC00F54237 /* SynchronizationDemoTests */,
				D650CF042D35D5FC00F54237 /* SynchronizationDemoUITests */,
			);
		};
/* End PBXProject section */

/* Begin PBXResourcesBuildPhase section */
		D650CEE92D35D5FA00F54237 /* Resources */ = {
			isa = PBXResourcesBuildPhase;
			buildActionMask = 2147483647;
			files = (
			);
			runOnlyForDeploymentPostprocessing = 0;
		};
		D650CEF92D35D5FC00F54237 /* Resources */ = {
			isa = PBXResourcesBuildPhase;
			buildActionMask = 2147483647;
			files = (
			);
			runOnlyForDeploymentPostprocessing = 0;
		};
		D650CF032D35D5FC00F54237 /* Resources */ = {
			isa = PBXResourcesBuildPhase;
			buildActionMask = 2147483647;
			files = (
			);
			runOnlyForDeploymentPostprocessing = 0;
		};
/* End PBXResourcesBuildPhase section */

/* Begin PBXSourcesBuildPhase section */
		D650CEE72D35D5FA00F54237 /* Sources */ = {
			isa = PBXSourcesBuildPhase;
			buildActionMask = 2147483647;
			files = (
			);
			runOnlyForDeploymentPostprocessing = 0;
		};
		D650CEF72D35D5FC00F54237 /* Sources */ = {
			isa = PBXSourcesBuildPhase;
			buildActionMask = 2147483647;
			files = (
			);
			runOnlyForDeploymentPostprocessing = 0;
		};
		D650CF012D35D5FC00F54237 /* Sources */ = {
			isa = PBXSourcesBuildPhase;
			buildActionMask = 2147483647;
			files = (
			);
			runOnlyForDeploymentPostprocessing = 0;
		};
/* End PBXSourcesBuildPhase section */

/* Begin PBXTargetDependency section */
		D650CEFD2D35D5FC00F54237 /* PBXTargetDependency */ = {
			isa = PBXTargetDependency;
			target = D650CEEA2D35D5FA00F54237 /* SynchronizationDemo */;
			targetProxy = D650CEFC2D35D5FC00F54237 /* PBXContainerItemProxy */;
		};
		D650CF072D35D5FC00F54237 /* PBXTargetDependency */ = {
			isa = PBXTargetDependency;
			target = D650CEEA2D35D5FA00F54237 /* SynchronizationDemo */;
			targetProxy = D650CF062D35D5FC00F54237 /* PBXContainerItemProxy */;
		};
/* End PBXTargetDependency section */

/* Begin XCBuildConfiguration section */
		D650CF0D2D35D5FC00F54237 /* Debug */ = {
			isa = XCBuildConfiguration;
			buildSettings = {
				ALWAYS_SEARCH_USER_PATHS = NO;
				ASSETCATALOG_COMPILER_GENERATE_SWIFT_ASSET_SYMBOL_EXTENSIONS = YES;
				CLANG_ANALYZER_NONNULL = YES;
				CLANG_ANALYZER_NUMBER_OBJECT_CONVERSION = YES_AGGRESSIVE;
				CLANG_CXX_LANGUAGE_STANDARD = "gnu++20";
				CLANG_ENABLE_MODULES = YES;
				CLANG_ENABLE_OBJC_ARC = YES;
				CLANG_ENABLE_OBJC_WEAK = YES;
				CLANG_WARN_BLOCK_CAPTURE_AUTORELEASING = YES;
				CLANG_WARN_BOOL_CONVERSION = YES;
				CLANG_WARN_COMMA = YES;
				CLANG_WARN_CONSTANT_CONVERSION = YES;
				CLANG_WARN_DEPRECATED_OBJC_IMPLEMENTATIONS = YES;
				CLANG_WARN_DIRECT_OBJC_ISA_USAGE = YES_ERROR;
				CLANG_WARN_DOCUMENTATION_COMMENTS = YES;
				CLANG_WARN_EMPTY_BODY = YES;
				CLANG_WARN_ENUM_CONVERSION = YES;
				CLANG_WARN_INFINITE_RECURSION = YES;
				CLANG_WARN_INT_CONVERSION = YES;
				CLANG_WARN_NON_LITERAL_NULL_CONVERSION = YES;
				CLANG_WARN_OBJC_IMPLICIT_RETAIN_SELF = YES;
				CLANG_WARN_OBJC_LITERAL_CONVERSION = YES;
				CLANG_WARN_OBJC_ROOT_CLASS = YES_ERROR;
				CLANG_WARN_QUOTED_INCLUDE_IN_FRAMEWORK_HEADER = YES;
				CLANG_WARN_RANGE_LOOP_ANALYSIS = YES;
				CLANG_WARN_STRICT_PROTOTYPES = YES;
				CLANG_WARN_SUSPICIOUS_MOVE = YES;
				CLANG_WARN_UNGUARDED_AVAILABILITY = YES_AGGRESSIVE;
				CLANG_WARN_UNREACHABLE_CODE = YES;
				CLANG_WARN__DUPLICATE_METHOD_MATCH = YES;
				COPY_PHASE_STRIP = NO;
				DEBUG_INFORMATION_FORMAT = dwarf;
				ENABLE_STRICT_OBJC_MSGSEND = YES;
				ENABLE_TESTABILITY = YES;
				ENABLE_USER_SCRIPT_SANDBOXING = YES;
				GCC_C_LANGUAGE_STANDARD = gnu17;
				GCC_DYNAMIC_NO_PIC = NO;
				GCC_NO_COMMON_BLOCKS = YES;
				GCC_OPTIMIZATION_LEVEL = 0;
				GCC_PREPROCESSOR_DEFINITIONS = (
					"DEBUG=1",
					"$(inherited)",
				);
				GCC_WARN_64_TO_32_BIT_CONVERSION = YES;
				GCC_WARN_ABOUT_RETURN_TYPE = YES_ERROR;
				GCC_WARN_UNDECLARED_SELECTOR = YES;
				GCC_WARN_UNINITIALIZED_AUTOS = YES_AGGRESSIVE;
				GCC_WARN_UNUSED_FUNCTION = YES;
				GCC_WARN_UNUSED_VARIABLE = YES;
				IPHONEOS_DEPLOYMENT_TARGET = 18.2;
				LOCALIZATION_PREFERS_STRING_CATALOGS = YES;
				MTL_ENABLE_DEBUG_INFO = INCLUDE_SOURCE;
				MTL_FAST_MATH = YES;
				ONLY_ACTIVE_ARCH = YES;
				SDKROOT = iphoneos;
				SWIFT_ACTIVE_COMPILATION_CONDITIONS = "DEBUG $(inherited)";
				SWIFT_OPTIMIZATION_LEVEL = "-Onone";
			};
			name = Debug;
		};
		D650CF0E2D35D5FC00F54237 /* Release */ = {
			isa = XCBuildConfiguration;
			buildSettings = {
				ALWAYS_SEARCH_USER_PATHS = NO;
				ASSETCATALOG_COMPILER_GENERATE_SWIFT_ASSET_SYMBOL_EXTENSIONS = YES;
				CLANG_ANALYZER_NONNULL = YES;
				CLANG_ANALYZER_NUMBER_OBJECT_CONVERSION = YES_AGGRESSIVE;
				CLANG_CXX_LANGUAGE_STANDARD = "gnu++20";
				CLANG_ENABLE_MODULES = YES;
				CLANG_ENABLE_OBJC_ARC = YES;
				CLANG_ENABLE_OBJC_WEAK = YES;
				CLANG_WARN_BLOCK_CAPTURE_AUTORELEASING = YES;
				CLANG_WARN_BOOL_CONVERSION = YES;
				CLANG_WARN_COMMA = YES;
				CLANG_WARN_CONSTANT_CONVERSION = YES;
				CLANG_WARN_DEPRECATED_OBJC_IMPLEMENTATIONS = YES;
				CLANG_WARN_DIRECT_OBJC_ISA_USAGE = YES_ERROR;
				CLANG_WARN_DOCUMENTATION_COMMENTS = YES;
				CLANG_WARN_EMPTY_BODY = YES;
				CLANG_WARN_ENUM_CONVERSION = YES;
				CLANG_WARN_INFINITE_RECURSION = YES;
				CLANG_WARN_INT_CONVERSION = YES;
				CLANG_WARN_NON_LITERAL_NULL_CONVERSION = YES;
				CLANG_WARN_OBJC_IMPLICIT_RETAIN_SELF = YES;
				CLANG_WARN_OBJC_LITERAL_CONVERSION = YES;
				CLANG_WARN_OBJC_ROOT_CLASS = YES_ERROR;
				CLANG_WARN_QUOTED_INCLUDE_IN_FRAMEWORK_HEADER = YES;
				CLANG_WARN_RANGE_LOOP_ANALYSIS = YES;
				CLANG_WARN_STRICT_PROTOTYPES = YES;
				CLANG_WARN_SUSPICIOUS_MOVE = YES;
				CLANG_WARN_UNGUARDED_AVAILABILITY = YES_AGGRESSIVE;
				CLANG_WARN_UNREACHABLE_CODE = YES;
				CLANG_WARN__DUPLICATE_METHOD_MATCH = YES;
				COPY_PHASE_STRIP = NO;
				DEBUG_INFORMATION_FORMAT = "dwarf-with-dsym";
				ENABLE_NS_ASSERTIONS = NO;
				ENABLE_STRICT_OBJC_MSGSEND = YES;
				ENABLE_USER_SCRIPT_SANDBOXING = YES;
				GCC_C_LANGUAGE_STANDARD = gnu17;
				GCC_NO_COMMON_BLOCKS = YES;
				GCC_WARN_64_TO_32_BIT_CONVERSION = YES;
				GCC_WARN_ABOUT_RETURN_TYPE = YES_ERROR;
				GCC_WARN_UNDECLARED_SELECTOR = YES;
				GCC_WARN_UNINITIALIZED_AUTOS = YES_AGGRESSIVE;
				GCC_WARN_UNUSED_FUNCTION = YES;
				GCC_WARN_UNUSED_VARIABLE = YES;
				IPHONEOS_DEPLOYMENT_TARGET = 18.2;
				LOCALIZATION_PREFERS_STRING_CATALOGS = YES;
				MTL_ENABLE_DEBUG_INFO = NO;
				MTL_FAST_MATH = YES;
				SDKROOT = iphoneos;
				SWIFT_COMPILATION_MODE = wholemodule;
				VALIDATE_PRODUCT = YES;
			};
			name = Release;
		};
		D650CF102D35D5FC00F54237 /* Debug */ = {
			isa = XCBuildConfiguration;
			buildSettings = {
				ASSETCATALOG_COMPILER_APPICON_NAME = AppIcon;
				ASSETCATALOG_COMPILER_GLOBAL_ACCENT_COLOR_NAME = AccentColor;
				CODE_SIGN_STYLE = Automatic;
				CURRENT_PROJECT_VERSION = 1;
				DEVELOPMENT_ASSET_PATHS = "\"SynchronizationDemo/Preview Content\"";
				DEVELOPMENT_TEAM = K6LJCT8RAA;
				ENABLE_PREVIEWS = YES;
				GENERATE_INFOPLIST_FILE = YES;
				INFOPLIST_KEY_UIApplicationSceneManifest_Generation = YES;
				INFOPLIST_KEY_UIApplicationSupportsIndirectInputEvents = YES;
				INFOPLIST_KEY_UILaunchScreen_Generation = YES;
				INFOPLIST_KEY_UISupportedInterfaceOrientations_iPad = "UIInterfaceOrientationPortrait UIInterfaceOrientationPortraitUpsideDown UIInterfaceOrientationLandscapeLeft UIInterfaceOrientationLandscapeRight";
				INFOPLIST_KEY_UISupportedInterfaceOrientations_iPhone = "UIInterfaceOrientationPortrait UIInterfaceOrientationLandscapeLeft UIInterfaceOrientationLandscapeRight";
				LD_RUNPATH_SEARCH_PATHS = (
					"$(inherited)",
					"@executable_path/Frameworks",
				);
				MARKETING_VERSION = 1.0;
				PRODUCT_BUNDLE_IDENTIFIER = com.template.SynchronizationDemo;
				PRODUCT_NAME = "$(TARGET_NAME)";
				SWIFT_EMIT_LOC_STRINGS = YES;
				SWIFT_VERSION = 5.0;
				TARGETED_DEVICE_FAMILY = "1,2";
			};
			name = Debug;
		};
		D650CF112D35D5FC00F54237 /* Release */ = {
			isa = XCBuildConfiguration;
			buildSettings = {
				ASSETCATALOG_COMPILER_APPICON_NAME = AppIcon;
				ASSETCATALOG_COMPILER_GLOBAL_ACCENT_COLOR_NAME = AccentColor;
				CODE_SIGN_STYLE = Automatic;
				CURRENT_PROJECT_VERSION = 1;
				DEVELOPMENT_ASSET_PATHS = "\"SynchronizationDemo/Preview Content\"";
				DEVELOPMENT_TEAM = K6LJCT8RAA;
				ENABLE_PREVIEWS = YES;
				GENERATE_INFOPLIST_FILE = YES;
				INFOPLIST_KEY_UIApplicationSceneManifest_Generation = YES;
				INFOPLIST_KEY_UIApplicationSupportsIndirectInputEvents = YES;
				INFOPLIST_KEY_UILaunchScreen_Generation = YES;
				INFOPLIST_KEY_UISupportedInterfaceOrientations_iPad = "UIInterfaceOrientationPortrait UIInterfaceOrientationPortraitUpsideDown UIInterfaceOrientationLandscapeLeft UIInterfaceOrientationLandscapeRight";
				INFOPLIST_KEY_UISupportedInterfaceOrientations_iPhone = "UIInterfaceOrientationPortrait UIInterfaceOrientationLandscapeLeft UIInterfaceOrientationLandscapeRight";
				LD_RUNPATH_SEARCH_PATHS = (
					"$(inherited)",
					"@executable_path/Frameworks",
				);
				MARKETING_VERSION = 1.0;
				PRODUCT_BUNDLE_IDENTIFIER = com.template.SynchronizationDemo;
				PRODUCT_NAME = "$(TARGET_NAME)";
				SWIFT_EMIT_LOC_STRINGS = YES;
				SWIFT_VERSION = 5.0;
				TARGETED_DEVICE_FAMILY = "1,2";
			};
			name = Release;
		};
		D650CF132D35D5FC00F54237 /* Debug */ = {
			isa = XCBuildConfiguration;
			buildSettings = {
				BUNDLE_LOADER = "$(TEST_HOST)";
				CODE_SIGN_STYLE = Automatic;
				CURRENT_PROJECT_VERSION = 1;
				DEVELOPMENT_TEAM = K6LJCT8RAA;
				GENERATE_INFOPLIST_FILE = YES;
				IPHONEOS_DEPLOYMENT_TARGET = 18.2;
				MARKETING_VERSION = 1.0;
				PRODUCT_BUNDLE_IDENTIFIER = com.template.SynchronizationDemoTests;
				PRODUCT_NAME = "$(TARGET_NAME)";
				SWIFT_EMIT_LOC_STRINGS = NO;
				SWIFT_VERSION = 5.0;
				TARGETED_DEVICE_FAMILY = "1,2";
				TEST_HOST = "$(BUILT_PRODUCTS_DIR)/SynchronizationDemo.app/$(BUNDLE_EXECUTABLE_FOLDER_PATH)/SynchronizationDemo";
			};
			name = Debug;
		};
		D650CF142D35D5FC00F54237 /* Release */ = {
			isa = XCBuildConfiguration;
			buildSettings = {
				BUNDLE_LOADER = "$(TEST_HOST)";
				CODE_SIGN_STYLE = Automatic;
				CURRENT_PROJECT_VERSION = 1;
				DEVELOPMENT_TEAM = K6LJCT8RAA;
				GENERATE_INFOPLIST_FILE = YES;
				IPHONEOS_DEPLOYMENT_TARGET = 18.2;
				MARKETING_VERSION = 1.0;
				PRODUCT_BUNDLE_IDENTIFIER = com.template.SynchronizationDemoTests;
				PRODUCT_NAME = "$(TARGET_NAME)";
				SWIFT_EMIT_LOC_STRINGS = NO;
				SWIFT_VERSION = 5.0;
				TARGETED_DEVICE_FAMILY = "1,2";
				TEST_HOST = "$(BUILT_PRODUCTS_DIR)/SynchronizationDemo.app/$(BUNDLE_EXECUTABLE_FOLDER_PATH)/SynchronizationDemo";
			};
			name = Release;
		};
		D650CF162D35D5FC00F54237 /* Debug */ = {
			isa = XCBuildConfiguration;
			buildSettings = {
				CODE_SIGN_STYLE = Automatic;
				CURRENT_PROJECT_VERSION = 1;
				DEVELOPMENT_TEAM = K6LJCT8RAA;
				GENERATE_INFOPLIST_FILE = YES;
				MARKETING_VERSION = 1.0;
				PRODUCT_BUNDLE_IDENTIFIER = com.template.SynchronizationDemoUITests;
				PRODUCT_NAME = "$(TARGET_NAME)";
				SWIFT_EMIT_LOC_STRINGS = NO;
				SWIFT_VERSION = 5.0;
				TARGETED_DEVICE_FAMILY = "1,2";
				TEST_TARGET_NAME = SynchronizationDemo;
			};
			name = Debug;
		};
		D650CF172D35D5FC00F54237 /* Release */ = {
			isa = XCBuildConfiguration;
			buildSettings = {
				CODE_SIGN_STYLE = Automatic;
				CURRENT_PROJECT_VERSION = 1;
				DEVELOPMENT_TEAM = K6LJCT8RAA;
				GENERATE_INFOPLIST_FILE = YES;
				MARKETING_VERSION = 1.0;
				PRODUCT_BUNDLE_IDENTIFIER = com.template.SynchronizationDemoUITests;
				PRODUCT_NAME = "$(TARGET_NAME)";
				SWIFT_EMIT_LOC_STRINGS = NO;
				SWIFT_VERSION = 5.0;
				TARGETED_DEVICE_FAMILY = "1,2";
				TEST_TARGET_NAME = SynchronizationDemo;
			};
			name = Release;
		};
/* End XCBuildConfiguration section */

/* Begin XCConfigurationList section */
		D650CEE62D35D5FA00F54237 /* Build configuration list for PBXProject "SynchronizationDemo" */ = {
			isa = XCConfigurationList;
			buildConfigurations = (
				D650CF0D2D35D5FC00F54237 /* Debug */,
				D650CF0E2D35D5FC00F54237 /* Release */,
			);
			defaultConfigurationIsVisible = 0;
			defaultConfigurationName = Release;
		};
		D650CF0F2D35D5FC00F54237 /* Build configuration list for PBXNativeTarget "SynchronizationDemo" */ = {
			isa = XCConfigurationList;
			buildConfigurations = (
				D650CF102D35D5FC00F54237 /* Debug */,
				D650CF112D35D5FC00F54237 /* Release */,
			);
			defaultConfigurationIsVisible = 0;
			defaultConfigurationName = Release;
		};
		D650CF122D35D5FC00F54237 /* Build configuration list for PBXNativeTarget "SynchronizationDemoTests" */ = {
			isa = XCConfigurationList;
			buildConfigurations = (
				D650CF132D35D5FC00F54237 /* Debug */,
				D650CF142D35D5FC00F54237 /* Release */,
			);
			defaultConfigurationIsVisible = 0;
			defaultConfigurationName = Release;
		};
		D650CF152D35D5FC00F54237 /* Build configuration list for PBXNativeTarget "SynchronizationDemoUITests" */ = {
			isa = XCConfigurationList;
			buildConfigurations = (
				D650CF162D35D5FC00F54237 /* Debug */,
				D650CF172D35D5FC00F54237 /* Release */,
			);
			defaultConfigurationIsVisible = 0;
			defaultConfigurationName = Release;
		};
/* End XCConfigurationList section */
	};
	rootObject = D650CEE32D35D5FA00F54237 /* Project object */;
}
